
Microsoft Visual Studio Solution File, Format Version 12.00
# Visual Studio Version 17
VisualStudioVersion = 17.9.34728.123
MinimumVisualStudioVersion = 10.0.40219.1
Project("{9A19103F-16F7-4668-BE54-9A1E7A4F7556}") = "CsLauncher", "src\CiLauncherPatcher\CiLauncher.csproj", "{E5475919-E38C-4339-BFC6-FE629518E074}"
EndProject
Project("{2150E333-8FDC-42A3-9474-1A3956D46DE8}") = "Solution Items", "Solution Items", "{8C1EE3CC-EF65-47A1-8B66-D1356E1AC06C}"
	ProjectSection(SolutionItems) = preProject
		.editorconfig = .editorconfig
	EndProjectSection
EndProject
Project("{8BC9CEB8-8B4A-11D0-8D11-00A0C91BC942}") = "NetCoreHost", "src\NetCoreHost\NetCoreHost.vcxproj", "{322A3B69-EB76-440A-97D7-35CAFC50EA81}"
EndProject
Global
	GlobalSection(SolutionConfigurationPlatforms) = preSolution
		Debug|Any CPU = Debug|Any CPU
		Debug|x64 = Debug|x64
		Debug|x86 = Debug|x86
		Release|Any CPU = Release|Any CPU
		Release|x64 = Release|x64
		Release|x86 = Release|x86
	EndGlobalSection
	GlobalSection(ProjectConfigurationPlatforms) = postSolution
		{E5475919-E38C-4339-BFC6-FE629518E074}.Debug|Any CPU.ActiveCfg = Debug|Any CPU
		{E5475919-E38C-4339-BFC6-FE629518E074}.Debug|Any CPU.Build.0 = Debug|Any CPU
		{E5475919-E38C-4339-BFC6-FE629518E074}.Debug|x64.ActiveCfg = Debug|Any CPU
		{E5475919-E38C-4339-BFC6-FE629518E074}.Debug|x64.Build.0 = Debug|Any CPU
		{E5475919-E38C-4339-BFC6-FE629518E074}.Debug|x86.ActiveCfg = Debug|Any CPU
		{E5475919-E38C-4339-BFC6-FE629518E074}.Debug|x86.Build.0 = Debug|Any CPU
		{E5475919-E38C-4339-BFC6-FE629518E074}.Release|Any CPU.ActiveCfg = Release|Any CPU
		{E5475919-E38C-4339-BFC6-FE629518E074}.Release|Any CPU.Build.0 = Release|Any CPU
		{E5475919-E38C-4339-BFC6-FE629518E074}.Release|x64.ActiveCfg = Release|Any CPU
		{E5475919-E38C-4339-BFC6-FE629518E074}.Release|x64.Build.0 = Release|Any CPU
		{E5475919-E38C-4339-BFC6-FE629518E074}.Release|x86.ActiveCfg = Release|Any CPU
		{E5475919-E38C-4339-BFC6-FE629518E074}.Release|x86.Build.0 = Release|Any CPU
		{322A3B69-EB76-440A-97D7-35CAFC50EA81}.Debug|Any CPU.ActiveCfg = Debug|x64
		{322A3B69-EB76-440A-97D7-35CAFC50EA81}.Debug|Any CPU.Build.0 = Debug|x64
		{322A3B69-EB76-440A-97D7-35CAFC50EA81}.Debug|x64.ActiveCfg = Debug|x64
		{322A3B69-EB76-440A-97D7-35CAFC50EA81}.Debug|x64.Build.0 = Debug|x64
		{322A3B69-EB76-440A-97D7-35CAFC50EA81}.Debug|x86.ActiveCfg = Debug|Win32
		{322A3B69-EB76-440A-97D7-35CAFC50EA81}.Debug|x86.Build.0 = Debug|Win32
		{322A3B69-EB76-440A-97D7-35CAFC50EA81}.Release|Any CPU.ActiveCfg = Release|x64
		{322A3B69-EB76-440A-97D7-35CAFC50EA81}.Release|Any CPU.Build.0 = Release|x64
		{322A3B69-EB76-440A-97D7-35CAFC50EA81}.Release|x64.ActiveCfg = Release|x64
		{322A3B69-EB76-440A-97D7-35CAFC50EA81}.Release|x64.Build.0 = Release|x64
		{322A3B69-EB76-440A-97D7-35CAFC50EA81}.Release|x86.ActiveCfg = Release|Win32
		{322A3B69-EB76-440A-97D7-35CAFC50EA81}.Release|x86.Build.0 = Release|Win32
	EndGlobalSection
	GlobalSection(SolutionProperties) = preSolution
		HideSolutionNode = FALSE
	EndGlobalSection
	GlobalSection(ExtensibilityGlobals) = postSolution
		SolutionGuid = {0AECF019-9567-4AAE-8E14-EDB9F78B29A1}
	EndGlobalSection
EndGlobal
